
Microsoft Visual Studio Solution File, Format Version 12.00
# Visual Studio 14
VisualStudioVersion = 14.0.23107.0
MinimumVisualStudioVersion = 10.0.40219.1
Project("{2150E333-8FDC-42A3-9474-1A3956D46DE8}") = ".nuget", ".nuget", "{271DDE13-2E1C-47FB-99D1-4C474AF63885}"
	ProjectSection(SolutionItems) = preProject
		.nuget\NuGet.Config = .nuget\NuGet.Config
		.nuget\NuGet.exe = .nuget\NuGet.exe
		.nuget\NuGet.targets = .nuget\NuGet.targets
	EndProjectSection
EndProject
Project("{2150E333-8FDC-42A3-9474-1A3956D46DE8}") = "Frameworks", "Frameworks", "{89A7FAC0-027A-40FD-AB27-67F853BEDD31}"
EndProject
Project("{FAE04EC0-301F-11D3-BF4B-00C04F79EFBC}") = "Repository.Pattern", "Frameworks\Repository.Pattern\Repository.Pattern.csproj", "{6E682A14-C872-4813-B620-76E108DEA683}"
EndProject
Project("{FAE04EC0-301F-11D3-BF4B-00C04F79EFBC}") = "Repository.Pattern.Ef6", "Frameworks\Repository.Pattern.Ef6\Repository.Pattern.Ef6.csproj", "{F68A1D19-93FB-47C1-A22B-42BEA3E4FD8C}"
EndProject
Project("{FAE04EC0-301F-11D3-BF4B-00C04F79EFBC}") = "Service.Pattern", "Frameworks\Service.Pattern\Service.Pattern.csproj", "{86F86650-EE3C-4372-8FEC-40C2FE015022}"
EndProject
Project("{FAE04EC0-301F-11D3-BF4B-00C04F79EFBC}") = "BeYourMarket.Model", "BeYourMarket.Model\BeYourMarket.Model.csproj", "{3598ECA8-CA9D-4B09-B52D-30A35598ED69}"
EndProject
Project("{FAE04EC0-301F-11D3-BF4B-00C04F79EFBC}") = "BeYourMarket.Service", "BeYourMarket.Service\BeYourMarket.Service.csproj", "{C57A8D11-7B60-420B-AC8D-A2B5704D287B}"
EndProject
Project("{FAE04EC0-301F-11D3-BF4B-00C04F79EFBC}") = "BeYourMarket.Web", "BeYourMarket.Web\BeYourMarket.Web.csproj", "{F1DBBBB6-167D-45A9-8747-091EC635BF2E}"
EndProject
Project("{2150E333-8FDC-42A3-9474-1A3956D46DE8}") = "Plugins", "Plugins", "{EF48A340-8ECD-4131-BF1C-2B0489780183}"
EndProject
Project("{FAE04EC0-301F-11D3-BF4B-00C04F79EFBC}") = "BeYourMarket.Core", "BeYourMarket.Core\BeYourMarket.Core.csproj", "{B5899D9B-49ED-4034-A52D-FC9D188C4873}"
EndProject
Project("{FAE04EC0-301F-11D3-BF4B-00C04F79EFBC}") = "Plugin.Widget.GoogleAnalytics", "Plugins\Plugin.Widget.GoogleAnalytics\Plugin.Widget.GoogleAnalytics.csproj", "{3473A0DE-0653-49C0-BEC2-18231EFC77CF}"
EndProject
Project("{FAE04EC0-301F-11D3-BF4B-00C04F79EFBC}") = "Plugin.Payment.Stripe", "Plugins\Plugin.Payment.Stripe\Plugin.Payment.Stripe.csproj", "{F7B87CE6-B494-47AD-BB0C-BE11A290BDC3}"
EndProject
Project("{2150E333-8FDC-42A3-9474-1A3956D46DE8}") = "Tests", "Tests", "{37F405EC-C7CF-468A-9E09-0FBA40258248}"
EndProject
Project("{FAE04EC0-301F-11D3-BF4B-00C04F79EFBC}") = "BeYourMarket.Test", "Tests\BeYourMarket.Test\BeYourMarket.Test.csproj", "{7C01D756-FB6D-430D-9F72-98FBF9347434}"
EndProject
Project("{FAE04EC0-301F-11D3-BF4B-00C04F79EFBC}") = "Plugin.Widget.Disqus", "Plugins\Plugin.Widget.Disqus\Plugin.Widget.Disqus.csproj", "{99862F14-2E6E-4092-B8E0-3D746DCB1A07}"
EndProject
Global
	GlobalSection(SolutionConfigurationPlatforms) = preSolution
		Debug|Any CPU = Debug|Any CPU
		Debug|x86 = Debug|x86
		Release|Any CPU = Release|Any CPU
		Release|x86 = Release|x86
	EndGlobalSection
	GlobalSection(ProjectConfigurationPlatforms) = postSolution
		{6E682A14-C872-4813-B620-76E108DEA683}.Debug|Any CPU.ActiveCfg = Debug|Any CPU
		{6E682A14-C872-4813-B620-76E108DEA683}.Debug|Any CPU.Build.0 = Debug|Any CPU
		{6E682A14-C872-4813-B620-76E108DEA683}.Debug|x86.ActiveCfg = Debug|x86
		{6E682A14-C872-4813-B620-76E108DEA683}.Debug|x86.Build.0 = Debug|x86
		{6E682A14-C872-4813-B620-76E108DEA683}.Release|Any CPU.ActiveCfg = Release|Any CPU
		{6E682A14-C872-4813-B620-76E108DEA683}.Release|Any CPU.Build.0 = Release|Any CPU
		{6E682A14-C872-4813-B620-76E108DEA683}.Release|x86.ActiveCfg = Release|x86
		{6E682A14-C872-4813-B620-76E108DEA683}.Release|x86.Build.0 = Release|x86
		{F68A1D19-93FB-47C1-A22B-42BEA3E4FD8C}.Debug|Any CPU.ActiveCfg = Debug|Any CPU
		{F68A1D19-93FB-47C1-A22B-42BEA3E4FD8C}.Debug|Any CPU.Build.0 = Debug|Any CPU
		{F68A1D19-93FB-47C1-A22B-42BEA3E4FD8C}.Debug|x86.ActiveCfg = Debug|Any CPU
		{F68A1D19-93FB-47C1-A22B-42BEA3E4FD8C}.Release|Any CPU.ActiveCfg = Release|Any CPU
		{F68A1D19-93FB-47C1-A22B-42BEA3E4FD8C}.Release|Any CPU.Build.0 = Release|Any CPU
		{F68A1D19-93FB-47C1-A22B-42BEA3E4FD8C}.Release|x86.ActiveCfg = Release|Any CPU
		{86F86650-EE3C-4372-8FEC-40C2FE015022}.Debug|Any CPU.ActiveCfg = Debug|Any CPU
		{86F86650-EE3C-4372-8FEC-40C2FE015022}.Debug|Any CPU.Build.0 = Debug|Any CPU
		{86F86650-EE3C-4372-8FEC-40C2FE015022}.Debug|x86.ActiveCfg = Debug|Any CPU
		{86F86650-EE3C-4372-8FEC-40C2FE015022}.Release|Any CPU.ActiveCfg = Release|Any CPU
		{86F86650-EE3C-4372-8FEC-40C2FE015022}.Release|Any CPU.Build.0 = Release|Any CPU
		{86F86650-EE3C-4372-8FEC-40C2FE015022}.Release|x86.ActiveCfg = Release|Any CPU
		{3598ECA8-CA9D-4B09-B52D-30A35598ED69}.Debug|Any CPU.ActiveCfg = Debug|Any CPU
		{3598ECA8-CA9D-4B09-B52D-30A35598ED69}.Debug|Any CPU.Build.0 = Debug|Any CPU
		{3598ECA8-CA9D-4B09-B52D-30A35598ED69}.Debug|x86.ActiveCfg = Debug|Any CPU
		{3598ECA8-CA9D-4B09-B52D-30A35598ED69}.Release|Any CPU.ActiveCfg = Release|Any CPU
		{3598ECA8-CA9D-4B09-B52D-30A35598ED69}.Release|Any CPU.Build.0 = Release|Any CPU
		{3598ECA8-CA9D-4B09-B52D-30A35598ED69}.Release|x86.ActiveCfg = Release|Any CPU
		{C57A8D11-7B60-420B-AC8D-A2B5704D287B}.Debug|Any CPU.ActiveCfg = Debug|Any CPU
		{C57A8D11-7B60-420B-AC8D-A2B5704D287B}.Debug|Any CPU.Build.0 = Debug|Any CPU
		{C57A8D11-7B60-420B-AC8D-A2B5704D287B}.Debug|x86.ActiveCfg = Debug|Any CPU
		{C57A8D11-7B60-420B-AC8D-A2B5704D287B}.Release|Any CPU.ActiveCfg = Release|Any CPU
		{C57A8D11-7B60-420B-AC8D-A2B5704D287B}.Release|Any CPU.Build.0 = Release|Any CPU
		{C57A8D11-7B60-420B-AC8D-A2B5704D287B}.Release|x86.ActiveCfg = Release|Any CPU
		{F1DBBBB6-167D-45A9-8747-091EC635BF2E}.Debug|Any CPU.ActiveCfg = Debug|Any CPU
		{F1DBBBB6-167D-45A9-8747-091EC635BF2E}.Debug|Any CPU.Build.0 = Debug|Any CPU
		{F1DBBBB6-167D-45A9-8747-091EC635BF2E}.Debug|x86.ActiveCfg = Debug|Any CPU
		{F1DBBBB6-167D-45A9-8747-091EC635BF2E}.Release|Any CPU.ActiveCfg = Release|Any CPU
		{F1DBBBB6-167D-45A9-8747-091EC635BF2E}.Release|Any CPU.Build.0 = Release|Any CPU
		{F1DBBBB6-167D-45A9-8747-091EC635BF2E}.Release|x86.ActiveCfg = Release|Any CPU
		{B5899D9B-49ED-4034-A52D-FC9D188C4873}.Debug|Any CPU.ActiveCfg = Debug|Any CPU
		{B5899D9B-49ED-4034-A52D-FC9D188C4873}.Debug|Any CPU.Build.0 = Debug|Any CPU
		{B5899D9B-49ED-4034-A52D-FC9D188C4873}.Debug|x86.ActiveCfg = Debug|Any CPU
		{B5899D9B-49ED-4034-A52D-FC9D188C4873}.Release|Any CPU.ActiveCfg = Release|Any CPU
		{B5899D9B-49ED-4034-A52D-FC9D188C4873}.Release|Any CPU.Build.0 = Release|Any CPU
		{B5899D9B-49ED-4034-A52D-FC9D188C4873}.Release|x86.ActiveCfg = Release|Any CPU
		{3473A0DE-0653-49C0-BEC2-18231EFC77CF}.Debug|Any CPU.ActiveCfg = Debug|Any CPU
		{3473A0DE-0653-49C0-BEC2-18231EFC77CF}.Debug|Any CPU.Build.0 = Debug|Any CPU
		{3473A0DE-0653-49C0-BEC2-18231EFC77CF}.Debug|x86.ActiveCfg = Debug|Any CPU
		{3473A0DE-0653-49C0-BEC2-18231EFC77CF}.Release|Any CPU.ActiveCfg = Release|Any CPU
		{3473A0DE-0653-49C0-BEC2-18231EFC77CF}.Release|Any CPU.Build.0 = Release|Any CPU
		{3473A0DE-0653-49C0-BEC2-18231EFC77CF}.Release|x86.ActiveCfg = Release|Any CPU
		{F7B87CE6-B494-47AD-BB0C-BE11A290BDC3}.Debug|Any CPU.ActiveCfg = Debug|Any CPU
		{F7B87CE6-B494-47AD-BB0C-BE11A290BDC3}.Debug|Any CPU.Build.0 = Debug|Any CPU
		{F7B87CE6-B494-47AD-BB0C-BE11A290BDC3}.Debug|x86.ActiveCfg = Debug|Any CPU
		{F7B87CE6-B494-47AD-BB0C-BE11A290BDC3}.Release|Any CPU.ActiveCfg = Release|Any CPU
		{F7B87CE6-B494-47AD-BB0C-BE11A290BDC3}.Release|Any CPU.Build.0 = Release|Any CPU
		{F7B87CE6-B494-47AD-BB0C-BE11A290BDC3}.Release|x86.ActiveCfg = Release|Any CPU
		{7C01D756-FB6D-430D-9F72-98FBF9347434}.Debug|Any CPU.ActiveCfg = Debug|Any CPU
		{7C01D756-FB6D-430D-9F72-98FBF9347434}.Debug|Any CPU.Build.0 = Debug|Any CPU
		{7C01D756-FB6D-430D-9F72-98FBF9347434}.Debug|x86.ActiveCfg = Debug|Any CPU
		{7C01D756-FB6D-430D-9F72-98FBF9347434}.Release|Any CPU.ActiveCfg = Release|Any CPU
		{7C01D756-FB6D-430D-9F72-98FBF9347434}.Release|Any CPU.Build.0 = Release|Any CPU
		{7C01D756-FB6D-430D-9F72-98FBF9347434}.Release|x86.ActiveCfg = Release|Any CPU
		{99862F14-2E6E-4092-B8E0-3D746DCB1A07}.Debug|Any CPU.ActiveCfg = Debug|Any CPU
		{99862F14-2E6E-4092-B8E0-3D746DCB1A07}.Debug|Any CPU.Build.0 = Debug|Any CPU
		{99862F14-2E6E-4092-B8E0-3D746DCB1A07}.Debug|x86.ActiveCfg = Debug|Any CPU
		{99862F14-2E6E-4092-B8E0-3D746DCB1A07}.Debug|x86.Build.0 = Debug|Any CPU
		{99862F14-2E6E-4092-B8E0-3D746DCB1A07}.Release|Any CPU.ActiveCfg = Release|Any CPU
		{99862F14-2E6E-4092-B8E0-3D746DCB1A07}.Release|Any CPU.Build.0 = Release|Any CPU
		{99862F14-2E6E-4092-B8E0-3D746DCB1A07}.Release|x86.ActiveCfg = Release|Any CPU
		{99862F14-2E6E-4092-B8E0-3D746DCB1A07}.Release|x86.Build.0 = Release|Any CPU
	EndGlobalSection
	GlobalSection(SolutionProperties) = preSolution
		HideSolutionNode = FALSE
	EndGlobalSection
	GlobalSection(NestedProjects) = preSolution
		{6E682A14-C872-4813-B620-76E108DEA683} = {89A7FAC0-027A-40FD-AB27-67F853BEDD31}
		{F68A1D19-93FB-47C1-A22B-42BEA3E4FD8C} = {89A7FAC0-027A-40FD-AB27-67F853BEDD31}
		{86F86650-EE3C-4372-8FEC-40C2FE015022} = {89A7FAC0-027A-40FD-AB27-67F853BEDD31}
		{3473A0DE-0653-49C0-BEC2-18231EFC77CF} = {EF48A340-8ECD-4131-BF1C-2B0489780183}
		{F7B87CE6-B494-47AD-BB0C-BE11A290BDC3} = {EF48A340-8ECD-4131-BF1C-2B0489780183}
		{7C01D756-FB6D-430D-9F72-98FBF9347434} = {37F405EC-C7CF-468A-9E09-0FBA40258248}
		{99862F14-2E6E-4092-B8E0-3D746DCB1A07} = {EF48A340-8ECD-4131-BF1C-2B0489780183}
	EndGlobalSection
EndGlobal
